
Microsoft Visual Studio Solution File, Format Version 12.00
# Visual Studio 15
VisualStudioVersion = 15.0.27130.2010
MinimumVisualStudioVersion = 10.0.40219.1
Project("{9A19103F-16F7-4668-BE54-9A1E7A4F7556}") = "CompanyCars.Core", "CompanyCars.Core\CompanyCars.Core.csproj", "{C62C1469-2B81-462D-B308-E21656C60E14}"
EndProject
Project("{9A19103F-16F7-4668-BE54-9A1E7A4F7556}") = "CompanyCars.Service", "CompanyCars.Service\CompanyCars.Service.csproj", "{829A8CEA-E4FA-490C-8482-3AD41DCDCE39}"
EndProject
Project("{9A19103F-16F7-4668-BE54-9A1E7A4F7556}") = "CompanyCars.Web", "CompanyCars.Web\CompanyCars.Web.csproj", "{EFF183A2-6D3D-4B70-AA6A-4F3C701FE9D6}"
EndProject
Global
	GlobalSection(SolutionConfigurationPlatforms) = preSolution
		Debug|Any CPU = Debug|Any CPU
		Release|Any CPU = Release|Any CPU
	EndGlobalSection
	GlobalSection(ProjectConfigurationPlatforms) = postSolution
		{C62C1469-2B81-462D-B308-E21656C60E14}.Debug|Any CPU.ActiveCfg = Debug|Any CPU
		{C62C1469-2B81-462D-B308-E21656C60E14}.Debug|Any CPU.Build.0 = Debug|Any CPU
		{C62C1469-2B81-462D-B308-E21656C60E14}.Release|Any CPU.ActiveCfg = Release|Any CPU
		{C62C1469-2B81-462D-B308-E21656C60E14}.Release|Any CPU.Build.0 = Release|Any CPU
		{829A8CEA-E4FA-490C-8482-3AD41DCDCE39}.Debug|Any CPU.ActiveCfg = Debug|Any CPU
		{829A8CEA-E4FA-490C-8482-3AD41DCDCE39}.Debug|Any CPU.Build.0 = Debug|Any CPU
		{829A8CEA-E4FA-490C-8482-3AD41DCDCE39}.Release|Any CPU.ActiveCfg = Release|Any CPU
		{829A8CEA-E4FA-490C-8482-3AD41DCDCE39}.Release|Any CPU.Build.0 = Release|Any CPU
		{EFF183A2-6D3D-4B70-AA6A-4F3C701FE9D6}.Debug|Any CPU.ActiveCfg = Debug|Any CPU
		{EFF183A2-6D3D-4B70-AA6A-4F3C701FE9D6}.Debug|Any CPU.Build.0 = Debug|Any CPU
		{EFF183A2-6D3D-4B70-AA6A-4F3C701FE9D6}.Release|Any CPU.ActiveCfg = Release|Any CPU
		{EFF183A2-6D3D-4B70-AA6A-4F3C701FE9D6}.Release|Any CPU.Build.0 = Release|Any CPU
	EndGlobalSection
	GlobalSection(SolutionProperties) = preSolution
		HideSolutionNode = FALSE
	EndGlobalSection
	GlobalSection(ExtensibilityGlobals) = postSolution
		SolutionGuid = {F92CEB1D-5AD8-4EE0-A563-6B2BCBAD2770}
	EndGlobalSection
EndGlobal
