
Microsoft Visual Studio Solution File, Format Version 12.00
# Visual Studio 15
VisualStudioVersion = 15.0.27130.2010
MinimumVisualStudioVersion = 10.0.40219.1
Project("{9A19103F-16F7-4668-BE54-9A1E7A4F7556}") = "PKShop.Core", "src\PKShop.Core\PKShop.Core.csproj", "{8278A8B6-FA4D-4D70-8143-8C579997DF24}"
EndProject
Project("{9A19103F-16F7-4668-BE54-9A1E7A4F7556}") = "PKShop.Web", "src\PKShop.Web\PKShop.Web.csproj", "{AF34D3C6-8983-4AB8-8C1E-0C84CD5775BA}"
EndProject
Project("{9A19103F-16F7-4668-BE54-9A1E7A4F7556}") = "PKShop.Common.Bus", "src\PKShop.Common.Bus\PKShop.Common.Bus.csproj", "{CDAFDA67-B45D-417A-94A9-FDB3906B57E1}"
EndProject
Project("{9A19103F-16F7-4668-BE54-9A1E7A4F7556}") = "PKShop.Common.Identity", "src\PKShop.Common.Identity\PKShop.Common.Identity.csproj", "{59995662-972D-44E1-A626-8D3E1BE79D4C}"
EndProject
Project("{9A19103F-16F7-4668-BE54-9A1E7A4F7556}") = "PKShop.Domain", "src\PKShop.Domain\PKShop.Domain.csproj", "{D3611707-D02A-40AD-A7A1-2E5A2FD38C40}"
EndProject
Project("{9A19103F-16F7-4668-BE54-9A1E7A4F7556}") = "PKShop.Struct.Services", "src\PKShop.Struct.Services\PKShop.Struct.Services.csproj", "{16A4871C-489A-4556-B69F-B56788336549}"
EndProject
Project("{9A19103F-16F7-4668-BE54-9A1E7A4F7556}") = "PKShop.Struct.WriteData", "src\PKShop.Struct.WriteData\PKShop.Struct.WriteData.csproj", "{D7626C3A-8A71-4191-A30A-62266576CE07}"
EndProject
Project("{2150E333-8FDC-42A3-9474-1A3956D46DE8}") = "docs", "docs", "{709097CE-F0E6-4DF8-B002-B6612BE9EE8A}"
EndProject
Project("{2150E333-8FDC-42A3-9474-1A3956D46DE8}") = "src", "src", "{25D1217A-F1FE-4CCE-8DC5-C468B35A577E}"
EndProject
Project("{2150E333-8FDC-42A3-9474-1A3956D46DE8}") = "tests", "tests", "{3471C658-A097-48C2-B1FA-10EF9A23FA7B}"
EndProject
Project("{2150E333-8FDC-42A3-9474-1A3956D46DE8}") = "scripts", "scripts", "{E247EEB0-DE1E-4C2C-A9FF-729668511EC6}"
ProjectSection(SolutionItems) = preProject
	scripts\dotnet-add-migrations.sh = scripts\dotnet-add-migrations.sh
	scripts\dotnet-databse-update.sh = scripts\dotnet-databse-update.sh
	scripts\dotnet-add-migrations-event-store.sh = scripts\dotnet-add-migrations-event-store.sh
	scripts\dotnet-add-migrations-identity.sh = scripts\dotnet-add-migrations-identity.sh
	scripts\dotnet-add-migrations-pkshop.sh = scripts\dotnet-add-migrations-pkshop.sh
EndProjectSection
EndProject
Project("{9A19103F-16F7-4668-BE54-9A1E7A4F7556}") = "PKShop.Tests", "tests\PKShop.Tests\PKShop.Tests.csproj", "{953B4915-A095-48C8-B270-821B186591BC}"
EndProject
Global
	GlobalSection(SolutionConfigurationPlatforms) = preSolution
		Debug|Any CPU = Debug|Any CPU
		Release|Any CPU = Release|Any CPU
	EndGlobalSection
	GlobalSection(ProjectConfigurationPlatforms) = postSolution
		{8278A8B6-FA4D-4D70-8143-8C579997DF24}.Debug|Any CPU.ActiveCfg = Debug|Any CPU
		{8278A8B6-FA4D-4D70-8143-8C579997DF24}.Debug|Any CPU.Build.0 = Debug|Any CPU
		{8278A8B6-FA4D-4D70-8143-8C579997DF24}.Release|Any CPU.ActiveCfg = Release|Any CPU
		{8278A8B6-FA4D-4D70-8143-8C579997DF24}.Release|Any CPU.Build.0 = Release|Any CPU
		{AF34D3C6-8983-4AB8-8C1E-0C84CD5775BA}.Debug|Any CPU.ActiveCfg = Debug|Any CPU
		{AF34D3C6-8983-4AB8-8C1E-0C84CD5775BA}.Debug|Any CPU.Build.0 = Debug|Any CPU
		{AF34D3C6-8983-4AB8-8C1E-0C84CD5775BA}.Release|Any CPU.ActiveCfg = Release|Any CPU
		{AF34D3C6-8983-4AB8-8C1E-0C84CD5775BA}.Release|Any CPU.Build.0 = Release|Any CPU
		{CDAFDA67-B45D-417A-94A9-FDB3906B57E1}.Debug|Any CPU.ActiveCfg = Debug|Any CPU
		{CDAFDA67-B45D-417A-94A9-FDB3906B57E1}.Debug|Any CPU.Build.0 = Debug|Any CPU
		{CDAFDA67-B45D-417A-94A9-FDB3906B57E1}.Release|Any CPU.ActiveCfg = Release|Any CPU
		{CDAFDA67-B45D-417A-94A9-FDB3906B57E1}.Release|Any CPU.Build.0 = Release|Any CPU
		{59995662-972D-44E1-A626-8D3E1BE79D4C}.Debug|Any CPU.ActiveCfg = Debug|Any CPU
		{59995662-972D-44E1-A626-8D3E1BE79D4C}.Debug|Any CPU.Build.0 = Debug|Any CPU
		{59995662-972D-44E1-A626-8D3E1BE79D4C}.Release|Any CPU.ActiveCfg = Release|Any CPU
		{59995662-972D-44E1-A626-8D3E1BE79D4C}.Release|Any CPU.Build.0 = Release|Any CPU
		{D3611707-D02A-40AD-A7A1-2E5A2FD38C40}.Debug|Any CPU.ActiveCfg = Debug|Any CPU
		{D3611707-D02A-40AD-A7A1-2E5A2FD38C40}.Debug|Any CPU.Build.0 = Debug|Any CPU
		{D3611707-D02A-40AD-A7A1-2E5A2FD38C40}.Release|Any CPU.ActiveCfg = Release|Any CPU
		{D3611707-D02A-40AD-A7A1-2E5A2FD38C40}.Release|Any CPU.Build.0 = Release|Any CPU
		{16A4871C-489A-4556-B69F-B56788336549}.Debug|Any CPU.ActiveCfg = Debug|Any CPU
		{16A4871C-489A-4556-B69F-B56788336549}.Debug|Any CPU.Build.0 = Debug|Any CPU
		{16A4871C-489A-4556-B69F-B56788336549}.Release|Any CPU.ActiveCfg = Release|Any CPU
		{16A4871C-489A-4556-B69F-B56788336549}.Release|Any CPU.Build.0 = Release|Any CPU
		{D7626C3A-8A71-4191-A30A-62266576CE07}.Debug|Any CPU.ActiveCfg = Debug|Any CPU
		{D7626C3A-8A71-4191-A30A-62266576CE07}.Debug|Any CPU.Build.0 = Debug|Any CPU
		{D7626C3A-8A71-4191-A30A-62266576CE07}.Release|Any CPU.ActiveCfg = Release|Any CPU
		{D7626C3A-8A71-4191-A30A-62266576CE07}.Release|Any CPU.Build.0 = Release|Any CPU
		{953B4915-A095-48C8-B270-821B186591BC}.Debug|Any CPU.ActiveCfg = Debug|Any CPU
		{953B4915-A095-48C8-B270-821B186591BC}.Debug|Any CPU.Build.0 = Debug|Any CPU
		{953B4915-A095-48C8-B270-821B186591BC}.Release|Any CPU.ActiveCfg = Release|Any CPU
		{953B4915-A095-48C8-B270-821B186591BC}.Release|Any CPU.Build.0 = Release|Any CPU
	EndGlobalSection
	GlobalSection(SolutionProperties) = preSolution
		HideSolutionNode = FALSE
	EndGlobalSection
	GlobalSection(NestedProjects) = preSolution
		{8278A8B6-FA4D-4D70-8143-8C579997DF24} = {25D1217A-F1FE-4CCE-8DC5-C468B35A577E}
		{AF34D3C6-8983-4AB8-8C1E-0C84CD5775BA} = {25D1217A-F1FE-4CCE-8DC5-C468B35A577E}
		{CDAFDA67-B45D-417A-94A9-FDB3906B57E1} = {25D1217A-F1FE-4CCE-8DC5-C468B35A577E}
		{59995662-972D-44E1-A626-8D3E1BE79D4C} = {25D1217A-F1FE-4CCE-8DC5-C468B35A577E}
		{D3611707-D02A-40AD-A7A1-2E5A2FD38C40} = {25D1217A-F1FE-4CCE-8DC5-C468B35A577E}
		{16A4871C-489A-4556-B69F-B56788336549} = {25D1217A-F1FE-4CCE-8DC5-C468B35A577E}
		{D7626C3A-8A71-4191-A30A-62266576CE07} = {25D1217A-F1FE-4CCE-8DC5-C468B35A577E}
		{953B4915-A095-48C8-B270-821B186591BC} = {3471C658-A097-48C2-B1FA-10EF9A23FA7B}
	EndGlobalSection
	GlobalSection(ExtensibilityGlobals) = postSolution
		SolutionGuid = {9243CF71-6D7E-493C-8777-0BBBC9C6EDDA}
	EndGlobalSection
EndGlobal
