
Microsoft Visual Studio Solution File, Format Version 12.00
# Visual Studio 15
VisualStudioVersion = 15.0.27130.2010
MinimumVisualStudioVersion = 10.0.40219.1
Project("{9A19103F-16F7-4668-BE54-9A1E7A4F7556}") = "PKShop.Tests", "..\PKShop.Tests\PKShop.Tests.csproj", "{DADC3679-48CC-4B91-81B4-32C9C0A21A60}"
EndProject
Project("{9A19103F-16F7-4668-BE54-9A1E7A4F7556}") = "PKShop.Core", "PKShop.Core\PKShop.Core.csproj", "{8278A8B6-FA4D-4D70-8143-8C579997DF24}"
EndProject
Project("{9A19103F-16F7-4668-BE54-9A1E7A4F7556}") = "PKShop.Service", "PKShop.Service\PKShop.Service.csproj", "{9A00C3C5-81DD-4773-AE73-54C959771F58}"
EndProject
Project("{9A19103F-16F7-4668-BE54-9A1E7A4F7556}") = "PKShop.Web", "PKShop.Web\PKShop.Web.csproj", "{AF34D3C6-8983-4AB8-8C1E-0C84CD5775BA}"
EndProject
Global
	GlobalSection(SolutionConfigurationPlatforms) = preSolution
		Debug|Any CPU = Debug|Any CPU
		Release|Any CPU = Release|Any CPU
	EndGlobalSection
	GlobalSection(ProjectConfigurationPlatforms) = postSolution
		{DADC3679-48CC-4B91-81B4-32C9C0A21A60}.Debug|Any CPU.ActiveCfg = Debug|Any CPU
		{DADC3679-48CC-4B91-81B4-32C9C0A21A60}.Debug|Any CPU.Build.0 = Debug|Any CPU
		{DADC3679-48CC-4B91-81B4-32C9C0A21A60}.Release|Any CPU.ActiveCfg = Release|Any CPU
		{DADC3679-48CC-4B91-81B4-32C9C0A21A60}.Release|Any CPU.Build.0 = Release|Any CPU
		{8278A8B6-FA4D-4D70-8143-8C579997DF24}.Debug|Any CPU.ActiveCfg = Debug|Any CPU
		{8278A8B6-FA4D-4D70-8143-8C579997DF24}.Debug|Any CPU.Build.0 = Debug|Any CPU
		{8278A8B6-FA4D-4D70-8143-8C579997DF24}.Release|Any CPU.ActiveCfg = Release|Any CPU
		{8278A8B6-FA4D-4D70-8143-8C579997DF24}.Release|Any CPU.Build.0 = Release|Any CPU
		{9A00C3C5-81DD-4773-AE73-54C959771F58}.Debug|Any CPU.ActiveCfg = Debug|Any CPU
		{9A00C3C5-81DD-4773-AE73-54C959771F58}.Debug|Any CPU.Build.0 = Debug|Any CPU
		{9A00C3C5-81DD-4773-AE73-54C959771F58}.Release|Any CPU.ActiveCfg = Release|Any CPU
		{9A00C3C5-81DD-4773-AE73-54C959771F58}.Release|Any CPU.Build.0 = Release|Any CPU
		{AF34D3C6-8983-4AB8-8C1E-0C84CD5775BA}.Debug|Any CPU.ActiveCfg = Debug|Any CPU
		{AF34D3C6-8983-4AB8-8C1E-0C84CD5775BA}.Debug|Any CPU.Build.0 = Debug|Any CPU
		{AF34D3C6-8983-4AB8-8C1E-0C84CD5775BA}.Release|Any CPU.ActiveCfg = Release|Any CPU
		{AF34D3C6-8983-4AB8-8C1E-0C84CD5775BA}.Release|Any CPU.Build.0 = Release|Any CPU
	EndGlobalSection
	GlobalSection(SolutionProperties) = preSolution
		HideSolutionNode = FALSE
	EndGlobalSection
	GlobalSection(ExtensibilityGlobals) = postSolution
		SolutionGuid = {9243CF71-6D7E-493C-8777-0BBBC9C6EDDA}
	EndGlobalSection
EndGlobal
